Microsoft Visual Studio Solution File, Format Version 12.00
# Visual Studio 2013
VisualStudioVersion = 12.0.30723.0
MinimumVisualStudioVersion = 10.0.40219.1
Project("{2150E333-8FDC-42A3-9474-1A3956D46DE8}") = "Solution Items", "Solution Items", "{8D2E1249-02D8-437B-8A72-D3D0ACFE5F4C}"
	ProjectSection(SolutionItems) = preProject
		build.xml = build.xml
		common.xml = common.xml
	EndProjectSection
EndProject
Project("{2150E333-8FDC-42A3-9474-1A3956D46DE8}") = "Sql", "Sql", "{DF041382-619B-4D5D-9D49-87D95637D84C}"
	ProjectSection(SolutionItems) = preProject
		Sql\data_batch.sql = Sql\data_batch.sql
		Sql\data_codemstr.sql = Sql\data_codemstr.sql
		Sql\data_dss.sql = Sql\data_dss.sql
		Sql\data_entityopt.sql = Sql\data_entityopt.sql
		Sql\data_menu.sql = Sql\data_menu.sql
		Sql\data_permission.sql = Sql\data_permission.sql
		Sql\data_permissioncategory.sql = Sql\data_permissioncategory.sql
		Sql\data_user_role_userpre.sql = Sql\data_user_role_userpre.sql
		Sql\readme.txt = Sql\readme.txt
		Sql\sconittrunk.sql = Sql\sconittrunk.sql
		Sql\update.sql = Sql\update.sql
	EndProjectSection
EndProject
Project("{FAE04EC0-301F-11D3-BF4B-00C04F79EFBC}") = "Entity", "Entity\Entity.csproj", "{CADA5382-5233-4D03-9F4F-655382538AB1}"
EndProject
Project("{FAE04EC0-301F-11D3-BF4B-00C04F79EFBC}") = "Persistence", "Persistence\Persistence.csproj", "{C8D4D3DC-F7B1-4AC8-B123-5B319E99C2D3}"
EndProject
Project("{FAE04EC0-301F-11D3-BF4B-00C04F79EFBC}") = "Utility", "Utility\Utility.csproj", "{49EED42C-851F-4F50-B7D0-59C6C5A6F21E}"
EndProject
Project("{FAE04EC0-301F-11D3-BF4B-00C04F79EFBC}") = "Service", "Service\Service.csproj", "{1D995C1B-A6A9-4C85-BDB4-D3D2381937BF}"
EndProject
Project("{FAE04EC0-301F-11D3-BF4B-00C04F79EFBC}") = "Control", "Control\Control.csproj", "{AE7B75DC-1EA3-4A85-9D17-CFA8DDDAB477}"
EndProject
Project("{FAE04EC0-301F-11D3-BF4B-00C04F79EFBC}") = "CodeSmith", "CodeSmith\CodeSmith.csproj", "{742A0B91-4323-4F25-ACE2-5573BFB9066F}"
EndProject
Project("{E24C65DC-7377-472B-9ABA-BC803B73C61A}") = "Sconit(1)", "Sconit\", "{14524E2B-F6C4-4474-8543-4E9DE6FE8A0D}"
	ProjectSection(WebsiteProperties) = preProject
		TargetFrameworkMoniker = ".NETFramework,Version%3Dv3.5"
		ProjectReferences = "{68052145-B627-45AC-8844-516DA63584F6}|LeanEngine.dll;"
		Debug.AspNetCompiler.VirtualPath = "/Sconit"
		Debug.AspNetCompiler.PhysicalPath = "Sconit\"
		Debug.AspNetCompiler.TargetPath = "PrecompiledWeb\Sconit\"
		Debug.AspNetCompiler.Updateable = "true"
		Debug.AspNetCompiler.ForceOverwrite = "true"
		Debug.AspNetCompiler.FixedNames = "false"
		Debug.AspNetCompiler.Debug = "True"
		Release.AspNetCompiler.VirtualPath = "/Sconit"
		Release.AspNetCompiler.PhysicalPath = "Sconit\"
		Release.AspNetCompiler.TargetPath = "PrecompiledWeb\Sconit\"
		Release.AspNetCompiler.Updateable = "true"
		Release.AspNetCompiler.ForceOverwrite = "true"
		Release.AspNetCompiler.FixedNames = "false"
		Release.AspNetCompiler.Debug = "False"
		VWDPort = "2011"
		VWDDynamicPort = "false"
		VWDVirtualPath = "/Sconit"
		SlnRelativePath = "Sconit\"
	EndProjectSection
	ProjectSection(ProjectDependencies) = postProject
		{1D995C1B-A6A9-4C85-BDB4-D3D2381937BF} = {1D995C1B-A6A9-4C85-BDB4-D3D2381937BF}
		{49EED42C-851F-4F50-B7D0-59C6C5A6F21E} = {49EED42C-851F-4F50-B7D0-59C6C5A6F21E}
		{CADA5382-5233-4D03-9F4F-655382538AB1} = {CADA5382-5233-4D03-9F4F-655382538AB1}
		{AE7B75DC-1EA3-4A85-9D17-CFA8DDDAB477} = {AE7B75DC-1EA3-4A85-9D17-CFA8DDDAB477}
		{C8D4D3DC-F7B1-4AC8-B123-5B319E99C2D3} = {C8D4D3DC-F7B1-4AC8-B123-5B319E99C2D3}
	EndProjectSection
EndProject
Project("{FAE04EC0-301F-11D3-BF4B-00C04F79EFBC}") = "BatchJob", "BatchJob\BatchJob.csproj", "{2228BDA4-A2EE-4806-BF6F-0436D986736E}"
EndProject
Project("{FAE04EC0-301F-11D3-BF4B-00C04F79EFBC}") = "BatchJobTest", "BatchJobTest\BatchJobTest.csproj", "{ACE751C6-86A5-4AE1-8072-7D7AEC6419B4}"
EndProject
Project("{FAE04EC0-301F-11D3-BF4B-00C04F79EFBC}") = "Testing", "Testing\Testing.csproj", "{AA4F8FB7-17E7-415A-BE18-661B4643CC90}"
EndProject
Project("{FAE04EC0-301F-11D3-BF4B-00C04F79EFBC}") = "LeanEngine", "..\LeanEngine\src\LeanEngine\LeanEngine.csproj", "{68052145-B627-45AC-8844-516DA63584F6}"
EndProject
Global
	GlobalSection(SolutionConfigurationPlatforms) = preSolution
		Debug|.NET = Debug|.NET
		Debug|Any CPU = Debug|Any CPU
		Debug|Mixed Platforms = Debug|Mixed Platforms
		Release|.NET = Release|.NET
		Release|Any CPU = Release|Any CPU
		Release|Mixed Platforms = Release|Mixed Platforms
	EndGlobalSection
	GlobalSection(ProjectConfigurationPlatforms) = postSolution
		{CADA5382-5233-4D03-9F4F-655382538AB1}.Debug|.NET.ActiveCfg = Debug|Any CPU
		{CADA5382-5233-4D03-9F4F-655382538AB1}.Debug|.NET.Build.0 = Debug|Any CPU
		{CADA5382-5233-4D03-9F4F-655382538AB1}.Debug|Any CPU.ActiveCfg = Debug|Any CPU
		{CADA5382-5233-4D03-9F4F-655382538AB1}.Debug|Any CPU.Build.0 = Debug|Any CPU
		{CADA5382-5233-4D03-9F4F-655382538AB1}.Debug|Mixed Platforms.ActiveCfg = Debug|Any CPU
		{CADA5382-5233-4D03-9F4F-655382538AB1}.Debug|Mixed Platforms.Build.0 = Debug|Any CPU
		{CADA5382-5233-4D03-9F4F-655382538AB1}.Release|.NET.ActiveCfg = Release|Any CPU
		{CADA5382-5233-4D03-9F4F-655382538AB1}.Release|.NET.Build.0 = Release|Any CPU
		{CADA5382-5233-4D03-9F4F-655382538AB1}.Release|Any CPU.ActiveCfg = Release|Any CPU
		{CADA5382-5233-4D03-9F4F-655382538AB1}.Release|Any CPU.Build.0 = Release|Any CPU
		{CADA5382-5233-4D03-9F4F-655382538AB1}.Release|Mixed Platforms.ActiveCfg = Release|Any CPU
		{CADA5382-5233-4D03-9F4F-655382538AB1}.Release|Mixed Platforms.Build.0 = Release|Any CPU
		{C8D4D3DC-F7B1-4AC8-B123-5B319E99C2D3}.Debug|.NET.ActiveCfg = Debug|Any CPU
		{C8D4D3DC-F7B1-4AC8-B123-5B319E99C2D3}.Debug|.NET.Build.0 = Debug|Any CPU
		{C8D4D3DC-F7B1-4AC8-B123-5B319E99C2D3}.Debug|Any CPU.ActiveCfg = Debug|Any CPU
		{C8D4D3DC-F7B1-4AC8-B123-5B319E99C2D3}.Debug|Any CPU.Build.0 = Debug|Any CPU
		{C8D4D3DC-F7B1-4AC8-B123-5B319E99C2D3}.Debug|Mixed Platforms.ActiveCfg = Debug|Any CPU
		{C8D4D3DC-F7B1-4AC8-B123-5B319E99C2D3}.Debug|Mixed Platforms.Build.0 = Debug|Any CPU
		{C8D4D3DC-F7B1-4AC8-B123-5B319E99C2D3}.Release|.NET.ActiveCfg = Release|Any CPU
		{C8D4D3DC-F7B1-4AC8-B123-5B319E99C2D3}.Release|.NET.Build.0 = Release|Any CPU
		{C8D4D3DC-F7B1-4AC8-B123-5B319E99C2D3}.Release|Any CPU.ActiveCfg = Release|Any CPU
		{C8D4D3DC-F7B1-4AC8-B123-5B319E99C2D3}.Release|Any CPU.Build.0 = Release|Any CPU
		{C8D4D3DC-F7B1-4AC8-B123-5B319E99C2D3}.Release|Mixed Platforms.ActiveCfg = Release|Any CPU
		{C8D4D3DC-F7B1-4AC8-B123-5B319E99C2D3}.Release|Mixed Platforms.Build.0 = Release|Any CPU
		{49EED42C-851F-4F50-B7D0-59C6C5A6F21E}.Debug|.NET.ActiveCfg = Debug|Any CPU
		{49EED42C-851F-4F50-B7D0-59C6C5A6F21E}.Debug|.NET.Build.0 = Debug|Any CPU
		{49EED42C-851F-4F50-B7D0-59C6C5A6F21E}.Debug|Any CPU.ActiveCfg = Debug|Any CPU
		{49EED42C-851F-4F50-B7D0-59C6C5A6F21E}.Debug|Any CPU.Build.0 = Debug|Any CPU
		{49EED42C-851F-4F50-B7D0-59C6C5A6F21E}.Debug|Mixed Platforms.ActiveCfg = Debug|Any CPU
		{49EED42C-851F-4F50-B7D0-59C6C5A6F21E}.Debug|Mixed Platforms.Build.0 = Debug|Any CPU
		{49EED42C-851F-4F50-B7D0-59C6C5A6F21E}.Release|.NET.ActiveCfg = Release|Any CPU
		{49EED42C-851F-4F50-B7D0-59C6C5A6F21E}.Release|.NET.Build.0 = Release|Any CPU
		{49EED42C-851F-4F50-B7D0-59C6C5A6F21E}.Release|Any CPU.ActiveCfg = Release|Any CPU
		{49EED42C-851F-4F50-B7D0-59C6C5A6F21E}.Release|Any CPU.Build.0 = Release|Any CPU
		{49EED42C-851F-4F50-B7D0-59C6C5A6F21E}.Release|Mixed Platforms.ActiveCfg = Release|Any CPU
		{49EED42C-851F-4F50-B7D0-59C6C5A6F21E}.Release|Mixed Platforms.Build.0 = Release|Any CPU
		{1D995C1B-A6A9-4C85-BDB4-D3D2381937BF}.Debug|.NET.ActiveCfg = Debug|Any CPU
		{1D995C1B-A6A9-4C85-BDB4-D3D2381937BF}.Debug|.NET.Build.0 = Debug|Any CPU
		{1D995C1B-A6A9-4C85-BDB4-D3D2381937BF}.Debug|Any CPU.ActiveCfg = Debug|Any CPU
		{1D995C1B-A6A9-4C85-BDB4-D3D2381937BF}.Debug|Any CPU.Build.0 = Debug|Any CPU
		{1D995C1B-A6A9-4C85-BDB4-D3D2381937BF}.Debug|Mixed Platforms.ActiveCfg = Debug|Any CPU
		{1D995C1B-A6A9-4C85-BDB4-D3D2381937BF}.Debug|Mixed Platforms.Build.0 = Debug|Any CPU
		{1D995C1B-A6A9-4C85-BDB4-D3D2381937BF}.Release|.NET.ActiveCfg = Release|Any CPU
		{1D995C1B-A6A9-4C85-BDB4-D3D2381937BF}.Release|.NET.Build.0 = Release|Any CPU
		{1D995C1B-A6A9-4C85-BDB4-D3D2381937BF}.Release|Any CPU.ActiveCfg = Release|Any CPU
		{1D995C1B-A6A9-4C85-BDB4-D3D2381937BF}.Release|Any CPU.Build.0 = Release|Any CPU
		{1D995C1B-A6A9-4C85-BDB4-D3D2381937BF}.Release|Mixed Platforms.ActiveCfg = Release|Any CPU
		{1D995C1B-A6A9-4C85-BDB4-D3D2381937BF}.Release|Mixed Platforms.Build.0 = Release|Any CPU
		{AE7B75DC-1EA3-4A85-9D17-CFA8DDDAB477}.Debug|.NET.ActiveCfg = Debug|Any CPU
		{AE7B75DC-1EA3-4A85-9D17-CFA8DDDAB477}.Debug|.NET.Build.0 = Debug|Any CPU
		{AE7B75DC-1EA3-4A85-9D17-CFA8DDDAB477}.Debug|Any CPU.ActiveCfg = Debug|Any CPU
		{AE7B75DC-1EA3-4A85-9D17-CFA8DDDAB477}.Debug|Any CPU.Build.0 = Debug|Any CPU
		{AE7B75DC-1EA3-4A85-9D17-CFA8DDDAB477}.Debug|Mixed Platforms.ActiveCfg = Debug|Any CPU
		{AE7B75DC-1EA3-4A85-9D17-CFA8DDDAB477}.Debug|Mixed Platforms.Build.0 = Debug|Any CPU
		{AE7B75DC-1EA3-4A85-9D17-CFA8DDDAB477}.Release|.NET.ActiveCfg = Release|Any CPU
		{AE7B75DC-1EA3-4A85-9D17-CFA8DDDAB477}.Release|.NET.Build.0 = Release|Any CPU
		{AE7B75DC-1EA3-4A85-9D17-CFA8DDDAB477}.Release|Any CPU.ActiveCfg = Release|Any CPU
		{AE7B75DC-1EA3-4A85-9D17-CFA8DDDAB477}.Release|Any CPU.Build.0 = Release|Any CPU
		{AE7B75DC-1EA3-4A85-9D17-CFA8DDDAB477}.Release|Mixed Platforms.ActiveCfg = Release|Any CPU
		{AE7B75DC-1EA3-4A85-9D17-CFA8DDDAB477}.Release|Mixed Platforms.Build.0 = Release|Any CPU
		{742A0B91-4323-4F25-ACE2-5573BFB9066F}.Debug|.NET.ActiveCfg = Debug|Any CPU
		{742A0B91-4323-4F25-ACE2-5573BFB9066F}.Debug|Any CPU.ActiveCfg = Debug|Any CPU
		{742A0B91-4323-4F25-ACE2-5573BFB9066F}.Debug|Any CPU.Build.0 = Debug|Any CPU
		{742A0B91-4323-4F25-ACE2-5573BFB9066F}.Debug|Mixed Platforms.ActiveCfg = Debug|Any CPU
		{742A0B91-4323-4F25-ACE2-5573BFB9066F}.Release|.NET.ActiveCfg = Release|Any CPU
		{742A0B91-4323-4F25-ACE2-5573BFB9066F}.Release|Any CPU.ActiveCfg = Release|Any CPU
		{742A0B91-4323-4F25-ACE2-5573BFB9066F}.Release|Any CPU.Build.0 = Release|Any CPU
		{742A0B91-4323-4F25-ACE2-5573BFB9066F}.Release|Mixed Platforms.ActiveCfg = Release|Any CPU
		{14524E2B-F6C4-4474-8543-4E9DE6FE8A0D}.Debug|.NET.ActiveCfg = Debug|Any CPU
		{14524E2B-F6C4-4474-8543-4E9DE6FE8A0D}.Debug|Any CPU.ActiveCfg = Debug|Any CPU
		{14524E2B-F6C4-4474-8543-4E9DE6FE8A0D}.Debug|Any CPU.Build.0 = Debug|Any CPU
		{14524E2B-F6C4-4474-8543-4E9DE6FE8A0D}.Debug|Mixed Platforms.ActiveCfg = Debug|Any CPU
		{14524E2B-F6C4-4474-8543-4E9DE6FE8A0D}.Release|.NET.ActiveCfg = Debug|Any CPU
		{14524E2B-F6C4-4474-8543-4E9DE6FE8A0D}.Release|Any CPU.ActiveCfg = Debug|Any CPU
		{14524E2B-F6C4-4474-8543-4E9DE6FE8A0D}.Release|Any CPU.Build.0 = Debug|Any CPU
		{14524E2B-F6C4-4474-8543-4E9DE6FE8A0D}.Release|Mixed Platforms.ActiveCfg = Debug|Any CPU
		{14524E2B-F6C4-4474-8543-4E9DE6FE8A0D}.Release|Mixed Platforms.Build.0 = Debug|Any CPU
		{2228BDA4-A2EE-4806-BF6F-0436D986736E}.Debug|.NET.ActiveCfg = Debug|Any CPU
		{2228BDA4-A2EE-4806-BF6F-0436D986736E}.Debug|Any CPU.ActiveCfg = Debug|Any CPU
		{2228BDA4-A2EE-4806-BF6F-0436D986736E}.Debug|Any CPU.Build.0 = Debug|Any CPU
		{2228BDA4-A2EE-4806-BF6F-0436D986736E}.Debug|Mixed Platforms.ActiveCfg = Debug|Any CPU
		{2228BDA4-A2EE-4806-BF6F-0436D986736E}.Debug|Mixed Platforms.Build.0 = Debug|Any CPU
		{2228BDA4-A2EE-4806-BF6F-0436D986736E}.Release|.NET.ActiveCfg = Release|Any CPU
		{2228BDA4-A2EE-4806-BF6F-0436D986736E}.Release|Any CPU.ActiveCfg = Release|Any CPU
		{2228BDA4-A2EE-4806-BF6F-0436D986736E}.Release|Any CPU.Build.0 = Release|Any CPU
		{2228BDA4-A2EE-4806-BF6F-0436D986736E}.Release|Mixed Platforms.ActiveCfg = Release|Any CPU
		{2228BDA4-A2EE-4806-BF6F-0436D986736E}.Release|Mixed Platforms.Build.0 = Release|Any CPU
		{ACE751C6-86A5-4AE1-8072-7D7AEC6419B4}.Debug|.NET.ActiveCfg = Debug|Any CPU
		{ACE751C6-86A5-4AE1-8072-7D7AEC6419B4}.Debug|Any CPU.ActiveCfg = Debug|Any CPU
		{ACE751C6-86A5-4AE1-8072-7D7AEC6419B4}.Debug|Any CPU.Build.0 = Debug|Any CPU
		{ACE751C6-86A5-4AE1-8072-7D7AEC6419B4}.Debug|Mixed Platforms.ActiveCfg = Debug|Any CPU
		{ACE751C6-86A5-4AE1-8072-7D7AEC6419B4}.Debug|Mixed Platforms.Build.0 = Debug|Any CPU
		{ACE751C6-86A5-4AE1-8072-7D7AEC6419B4}.Release|.NET.ActiveCfg = Release|Any CPU
		{ACE751C6-86A5-4AE1-8072-7D7AEC6419B4}.Release|Any CPU.ActiveCfg = Release|Any CPU
		{ACE751C6-86A5-4AE1-8072-7D7AEC6419B4}.Release|Any CPU.Build.0 = Release|Any CPU
		{ACE751C6-86A5-4AE1-8072-7D7AEC6419B4}.Release|Mixed Platforms.ActiveCfg = Release|Any CPU
		{ACE751C6-86A5-4AE1-8072-7D7AEC6419B4}.Release|Mixed Platforms.Build.0 = Release|Any CPU
		{AA4F8FB7-17E7-415A-BE18-661B4643CC90}.Debug|.NET.ActiveCfg = Debug|Any CPU
		{AA4F8FB7-17E7-415A-BE18-661B4643CC90}.Debug|Any CPU.ActiveCfg = Debug|Any CPU
		{AA4F8FB7-17E7-415A-BE18-661B4643CC90}.Debug|Any CPU.Build.0 = Debug|Any CPU
		{AA4F8FB7-17E7-415A-BE18-661B4643CC90}.Debug|Mixed Platforms.ActiveCfg = Debug|Any CPU
		{AA4F8FB7-17E7-415A-BE18-661B4643CC90}.Release|.NET.ActiveCfg = Release|Any CPU
		{AA4F8FB7-17E7-415A-BE18-661B4643CC90}.Release|Any CPU.ActiveCfg = Release|Any CPU
		{AA4F8FB7-17E7-415A-BE18-661B4643CC90}.Release|Any CPU.Build.0 = Release|Any CPU
		{AA4F8FB7-17E7-415A-BE18-661B4643CC90}.Release|Mixed Platforms.ActiveCfg = Release|Any CPU
		{AA4F8FB7-17E7-415A-BE18-661B4643CC90}.Release|Mixed Platforms.Build.0 = Release|Any CPU
		{68052145-B627-45AC-8844-516DA63584F6}.Debug|.NET.ActiveCfg = Debug|Any CPU
		{68052145-B627-45AC-8844-516DA63584F6}.Debug|.NET.Build.0 = Debug|Any CPU
		{68052145-B627-45AC-8844-516DA63584F6}.Debug|Any CPU.ActiveCfg = Debug|Any CPU
		{68052145-B627-45AC-8844-516DA63584F6}.Debug|Any CPU.Build.0 = Debug|Any CPU
		{68052145-B627-45AC-8844-516DA63584F6}.Debug|Mixed Platforms.ActiveCfg = Debug|Any CPU
		{68052145-B627-45AC-8844-516DA63584F6}.Debug|Mixed Platforms.Build.0 = Debug|Any CPU
		{68052145-B627-45AC-8844-516DA63584F6}.Release|.NET.ActiveCfg = Release|Any CPU
		{68052145-B627-45AC-8844-516DA63584F6}.Release|.NET.Build.0 = Release|Any CPU
		{68052145-B627-45AC-8844-516DA63584F6}.Release|Any CPU.ActiveCfg = Release|Any CPU
		{68052145-B627-45AC-8844-516DA63584F6}.Release|Any CPU.Build.0 = Release|Any CPU
		{68052145-B627-45AC-8844-516DA63584F6}.Release|Mixed Platforms.ActiveCfg = Release|Any CPU
		{68052145-B627-45AC-8844-516DA63584F6}.Release|Mixed Platforms.Build.0 = Release|Any CPU
	EndGlobalSection
	GlobalSection(SolutionProperties) = preSolution
		HideSolutionNode = FALSE
	EndGlobalSection
EndGlobal
